<?xml version="1.0" encoding="utf-8"?>
<Project ToolsVersion="4.0" xmlns="http://schemas.microsoft.com/developer/msbuild/2003">
  <ItemGroup>
    <Filter Include="リソース ファイル">
      <UniqueIdentifier>{67DA6AB6-F800-4c08-8B7A-83BB121AAD01}</UniqueIdentifier>
      <Extensions>rc;ico;cur;bmp;dlg;rc2;rct;bin;rgs;gif;jpg;jpeg;jpe;resx;tiff;tif;png;wav;mfcribbon-ms</Extensions>
    </Filter>
    <Filter Include="シェーダー">
      <UniqueIdentifier>{c6f9bfd7-4cdc-4bc1-88fc-6fb58ea4aae6}</UniqueIdentifier>
    </Filter>
    <Filter Include="Engine">
      <UniqueIdentifier>{9ac39836-34e0-440a-82e7-c53f19651d9a}</UniqueIdentifier>
    </Filter>
    <Filter Include="Application">
      <UniqueIdentifier>{4263170a-accd-44e1-84e1-cd993642407c}</UniqueIdentifier>
    </Filter>
    <Filter Include="ヘッダー ファイル">
      <UniqueIdentifier>{93995380-89BD-4b04-88EB-625FBE52EBFB}</UniqueIdentifier>
      <Extensions>h;hh;hpp;hxx;h++;hm;inl;inc;ipp;xsd</Extensions>
    </Filter>
    <Filter Include="Engine\2D">
      <UniqueIdentifier>{95ef1f6f-9b87-47a2-b118-7b0c872c52af}</UniqueIdentifier>
    </Filter>
    <Filter Include="Engine\2D\Sprite">
      <UniqueIdentifier>{b7c24f06-c92b-478a-80aa-0eb852fab7ee}</UniqueIdentifier>
    </Filter>
    <Filter Include="Engine\2D\Texture">
      <UniqueIdentifier>{d6bfb6e3-349a-4bc7-a2a0-edf753751234}</UniqueIdentifier>
    </Filter>
    <Filter Include="Engine\External">
      <UniqueIdentifier>{67684e2b-cec9-4237-b818-8765426567b9}</UniqueIdentifier>
    </Filter>
    <Filter Include="Engine\External\ImGui">
      <UniqueIdentifier>{00f41909-9548-42cd-be41-44f86e7521c2}</UniqueIdentifier>
    </Filter>
    <Filter Include="Engine\3D">
      <UniqueIdentifier>{6d03ee47-ac74-4a58-b5cd-2f197653c57c}</UniqueIdentifier>
    </Filter>
    <Filter Include="Engine\3D\Billboard">
      <UniqueIdentifier>{2bc29597-d020-495c-9f8b-43fc9280f18d}</UniqueIdentifier>
    </Filter>
    <Filter Include="Engine\3D\Material">
      <UniqueIdentifier>{5b7e7639-619f-4392-8d94-6c48071b4257}</UniqueIdentifier>
    </Filter>
    <Filter Include="Engine\3D\Model">
      <UniqueIdentifier>{f8482fb7-a043-4078-88fa-74011aec94e2}</UniqueIdentifier>
    </Filter>
    <Filter Include="Engine\3D\Obj">
      <UniqueIdentifier>{4e7e5360-95d8-4dbb-8fb0-2ffc284f7ae7}</UniqueIdentifier>
    </Filter>
    <Filter Include="Engine\3D\Vertex">
      <UniqueIdentifier>{e1db0c39-918c-45cb-80b9-84df0137adc8}</UniqueIdentifier>
    </Filter>
    <Filter Include="Engine\3D\Camera">
      <UniqueIdentifier>{86e85785-ec94-4f7e-a2e0-3ebb2544837c}</UniqueIdentifier>
    </Filter>
    <Filter Include="Application\Scene">
      <UniqueIdentifier>{2c6ff3ad-9765-446e-9ab0-ff9007a90aba}</UniqueIdentifier>
    </Filter>
    <Filter Include="Application\Scene\DemoScene">
      <UniqueIdentifier>{3dd87bb2-25f3-4e33-bd37-68681c1108df}</UniqueIdentifier>
    </Filter>
    <Filter Include="Engine\Scene">
      <UniqueIdentifier>{a0bad2f0-43a5-48c4-b1c9-91412c61f0a7}</UniqueIdentifier>
    </Filter>
    <Filter Include="Engine\Scene\SceneFactory">
      <UniqueIdentifier>{36f22d27-52b5-46ff-b746-be62caf9db88}</UniqueIdentifier>
    </Filter>
    <Filter Include="Engine\Scene\IScene">
      <UniqueIdentifier>{36625483-a30b-4c59-ac7a-e6a0ffe6b7ed}</UniqueIdentifier>
    </Filter>
    <Filter Include="Engine\Scene\SceneManager">
      <UniqueIdentifier>{a0d938bd-6efb-4178-aa8d-d4fd4474e8c2}</UniqueIdentifier>
    </Filter>
    <Filter Include="Engine\libManage">
      <UniqueIdentifier>{5826963a-4c4d-48a3-a88c-99e8edf39bd9}</UniqueIdentifier>
    </Filter>
    <Filter Include="Engine\libManage\ImguiManager">
      <UniqueIdentifier>{e2fb7fff-be8e-4957-b2de-4c14b6a6f5ae}</UniqueIdentifier>
    </Filter>
    <Filter Include="Engine\Common">
      <UniqueIdentifier>{b3865467-abfa-44d7-8c0e-89257d30c1f2}</UniqueIdentifier>
    </Filter>
    <Filter Include="Engine\Common\ClearDrawScreen">
      <UniqueIdentifier>{8db0d668-e3cb-41aa-80e7-cb6aa5c16c9e}</UniqueIdentifier>
    </Filter>
    <Filter Include="Engine\Common\ConstBuffer">
      <UniqueIdentifier>{f41d1908-709b-4325-99f7-56946a996745}</UniqueIdentifier>
    </Filter>
    <Filter Include="Engine\Common\DirectXInit">
      <UniqueIdentifier>{33035daf-5720-4d00-a69e-28e8d3e14b0f}</UniqueIdentifier>
    </Filter>
    <Filter Include="Engine\Common\Pipeline">
      <UniqueIdentifier>{56dad472-676c-4f73-868f-135d48f67328}</UniqueIdentifier>
    </Filter>
    <Filter Include="Engine\Common\WinAPI">
      <UniqueIdentifier>{07af733a-54d6-4643-bc7c-2c618bf7b0a6}</UniqueIdentifier>
    </Filter>
    <Filter Include="Engine\Input">
      <UniqueIdentifier>{f70ac3f1-7517-4bb3-a9b5-e711cb76005c}</UniqueIdentifier>
    </Filter>
    <Filter Include="Engine\Light">
      <UniqueIdentifier>{bd29e37c-22d6-4cb5-a55e-e98b587699d6}</UniqueIdentifier>
    </Filter>
    <Filter Include="Engine\Light\DirectionalLight">
      <UniqueIdentifier>{5253cf51-3471-4038-9011-c4abd8ffae9f}</UniqueIdentifier>
    </Filter>
    <Filter Include="Engine\Light\LightGroup">
      <UniqueIdentifier>{f62907e0-7392-4020-81ff-3fe41aea7c63}</UniqueIdentifier>
    </Filter>
    <Filter Include="Engine\Light\PointLight">
      <UniqueIdentifier>{4717fd99-b7a3-4944-a601-27bed691d63a}</UniqueIdentifier>
    </Filter>
    <Filter Include="Engine\Math">
      <UniqueIdentifier>{f621c70b-fe1f-40bc-a138-adf95122d6c8}</UniqueIdentifier>
    </Filter>
    <Filter Include="Engine\Math\MathF">
      <UniqueIdentifier>{83094f93-55ae-411b-bdcb-38ee229bd58a}</UniqueIdentifier>
    </Filter>
    <Filter Include="Engine\Math\Matrix4">
      <UniqueIdentifier>{14a24f5c-5af7-4bd1-93f3-b4d47abb9666}</UniqueIdentifier>
    </Filter>
    <Filter Include="Engine\Math\Quaternion">
      <UniqueIdentifier>{bfd984c1-6fe6-406d-a1c5-afa9202a1d56}</UniqueIdentifier>
    </Filter>
    <Filter Include="Engine\Math\Vector2">
      <UniqueIdentifier>{c2fe8c63-fcea-41f4-968d-8be6be92e692}</UniqueIdentifier>
    </Filter>
    <Filter Include="Engine\Math\Vector3">
      <UniqueIdentifier>{35d44464-e06b-462e-a880-6e0837e38fe5}</UniqueIdentifier>
    </Filter>
    <Filter Include="Engine\Particle">
      <UniqueIdentifier>{d642889e-bca8-45d5-baa5-92fd2d3be3bb}</UniqueIdentifier>
    </Filter>
    <Filter Include="Engine\Shader">
      <UniqueIdentifier>{50eb1d78-ff15-44ab-9049-1e691ba58985}</UniqueIdentifier>
    </Filter>
    <Filter Include="Engine\Sound">
      <UniqueIdentifier>{2c20569e-1a1f-4c2c-871a-616b9191c2d6}</UniqueIdentifier>
    </Filter>
    <Filter Include="Engine\Util">
      <UniqueIdentifier>{41f59229-e292-48cf-ab1d-9ad6a0671670}</UniqueIdentifier>
    </Filter>
    <Filter Include="Engine\Util\DebugText">
      <UniqueIdentifier>{d761d4af-eed4-4396-ae33-9e89552b56fd}</UniqueIdentifier>
    </Filter>
    <Filter Include="Engine\Util\StringUtil">
      <UniqueIdentifier>{11c56f6d-8ad4-4645-8868-571b836bd7f1}</UniqueIdentifier>
    </Filter>
    <Filter Include="Engine\Util\TimeManager">
      <UniqueIdentifier>{f13b8de8-c529-417a-a88c-3645525b135a}</UniqueIdentifier>
    </Filter>
    <Filter Include="Engine\Util\Util">
      <UniqueIdentifier>{18c4c16c-067c-451e-90db-5efb933a994f}</UniqueIdentifier>
    </Filter>
    <Filter Include="Engine\Util\TEasing">
      <UniqueIdentifier>{67221446-f058-42bc-8fee-b9df9131c269}</UniqueIdentifier>
    </Filter>
    <Filter Include="Engine\Color">
      <UniqueIdentifier>{ce8ee92f-c5db-44c0-ab00-e4cdee001011}</UniqueIdentifier>
    </Filter>
    <Filter Include="Engine\AssimpLoader">
      <UniqueIdentifier>{f98c1cf2-c8de-4203-a32f-1a317c6d0562}</UniqueIdentifier>
    </Filter>
    <Filter Include="Engine\2D\PostEffect">
      <UniqueIdentifier>{28ec2c28-4740-4070-bc8c-b107df132d78}</UniqueIdentifier>
    </Filter>
    <Filter Include="ソース ファイル">
      <UniqueIdentifier>{4FC737F1-C7A5-4376-A066-2A32D752A2FF}</UniqueIdentifier>
      <Extensions>cpp;c;cc;cxx;c++;cppm;ixx;def;odl;idl;hpj;bat;asm;asmx</Extensions>
    </Filter>
    <Filter Include="シェーダー\Basic">
      <UniqueIdentifier>{e3b12698-ea04-4a1e-96fe-5c9d2a4d011b}</UniqueIdentifier>
    </Filter>
    <Filter Include="シェーダー\Geometry">
      <UniqueIdentifier>{02357090-f8ac-40b6-9efd-06a537879ff4}</UniqueIdentifier>
    </Filter>
    <Filter Include="シェーダー\Lambert">
      <UniqueIdentifier>{4af89d3a-d73a-4c70-a595-63d4af0ebcb2}</UniqueIdentifier>
    </Filter>
    <Filter Include="シェーダー\OBJ">
      <UniqueIdentifier>{4fed94b5-7d84-411b-a45d-e09950363344}</UniqueIdentifier>
    </Filter>
    <Filter Include="シェーダー\Particle">
      <UniqueIdentifier>{e75a3643-cb42-476e-9edf-0269960c3edc}</UniqueIdentifier>
    </Filter>
    <Filter Include="シェーダー\Phong">
      <UniqueIdentifier>{e0ac4646-dda3-4a65-bc15-6d04ca1c0dcf}</UniqueIdentifier>
    </Filter>
    <Filter Include="シェーダー\Sprite">
      <UniqueIdentifier>{16b132b3-547b-4ea2-86c5-cef826585988}</UniqueIdentifier>
    </Filter>
    <Filter Include="シェーダー\GaussianBlur">
      <UniqueIdentifier>{b2f6f71d-bfa5-493b-bd70-cfcf6cb45cf4}</UniqueIdentifier>
    </Filter>
    <Filter Include="シェーダー\ShiftBlur">
      <UniqueIdentifier>{688b6ab3-a0d8-4fa6-85c7-ab43e78fa8de}</UniqueIdentifier>
    </Filter>
    <Filter Include="シェーダー\NonePostEffect">
      <UniqueIdentifier>{f34f8ebf-5a00-493c-8629-d12e9c69dc89}</UniqueIdentifier>
    </Filter>
    <Filter Include="シェーダー\MultiRender">
      <UniqueIdentifier>{df47222e-efa5-4986-923e-47f226f36531}</UniqueIdentifier>
    </Filter>
    <Filter Include="シェーダー\CG4">
      <UniqueIdentifier>{ec07b430-b98f-4da9-8171-f30c4e2a31ec}</UniqueIdentifier>
    </Filter>
    <Filter Include="シェーダー\SingleColor">
      <UniqueIdentifier>{32494c00-417c-4834-9490-a728395bbab6}</UniqueIdentifier>
    </Filter>
    <Filter Include="Engine\3D\Obj3dFBX">
      <UniqueIdentifier>{3beaf677-60c8-43db-b4be-8f7e6d98be11}</UniqueIdentifier>
    </Filter>
    <Filter Include="Engine\Common\DebugCamera">
      <UniqueIdentifier>{70ef922a-4056-48e4-82e5-51b904fd5cd2}</UniqueIdentifier>
    </Filter>
    <Filter Include="Application\Scene\GameScene">
      <UniqueIdentifier>{ce4cfff0-1968-40c3-ba1f-e331b0cf73d7}</UniqueIdentifier>
    </Filter>
    <Filter Include="Application\Old">
      <UniqueIdentifier>{8f0d3db2-c9b8-4e55-b126-9cd4ddde39f1}</UniqueIdentifier>
    </Filter>
    <Filter Include="Application\Old\ObjParticle">
      <UniqueIdentifier>{460b4cdc-d13a-4f0a-9bbe-019b405a216e}</UniqueIdentifier>
    </Filter>
    <Filter Include="Application\Charactor">
      <UniqueIdentifier>{3dc3946a-e343-4223-9cad-c16ebeddf8c8}</UniqueIdentifier>
    </Filter>
    <Filter Include="Application\Charactor\Player">
      <UniqueIdentifier>{d1fb1bf1-7d0a-4bc0-bc3a-9bdb8eb76bd5}</UniqueIdentifier>
    </Filter>
    <Filter Include="Application\Collision">
      <UniqueIdentifier>{921fc882-a1c8-46bd-a451-bd0c04bdebcf}</UniqueIdentifier>
    </Filter>
    <Filter Include="Application\Block">
      <UniqueIdentifier>{2d478356-55b8-45eb-999d-43fb364a2fe2}</UniqueIdentifier>
    </Filter>
    <Filter Include="Application\Skydome">
      <UniqueIdentifier>{b0687ccb-5436-42b5-8034-0c8022f3fea5}</UniqueIdentifier>
    </Filter>
    <Filter Include="Application\Stage">
      <UniqueIdentifier>{6349d7e7-a1d1-4114-aa41-235be1768fa3}</UniqueIdentifier>
    </Filter>
    <Filter Include="Application\EventBlock">
      <UniqueIdentifier>{6095ec17-b870-4246-9122-9b4a2b397af5}</UniqueIdentifier>
    </Filter>
    <Filter Include="Application\PlayerCamera">
      <UniqueIdentifier>{5b388bcc-558d-41e8-80d7-ab24a44fe4fe}</UniqueIdentifier>
    </Filter>
    <Filter Include="Application\Charactor\Enemy">
      <UniqueIdentifier>{e46da77e-f434-44e8-a38d-981d3fdb64f9}</UniqueIdentifier>
    </Filter>
    <Filter Include="シェーダー\Toon">
      <UniqueIdentifier>{fc37acf7-e514-49f2-94bb-842ba4c4fe9d}</UniqueIdentifier>
    </Filter>
    <Filter Include="Application\EventBlock\GoalBlock">
      <UniqueIdentifier>{a52e176c-a13d-4d73-92ab-eb92512e6e93}</UniqueIdentifier>
    </Filter>
    <Filter Include="Application\EventBlock\EventBlock">
      <UniqueIdentifier>{b571a83b-7bd6-423f-9e0b-9870427ee5b1}</UniqueIdentifier>
    </Filter>
    <Filter Include="Application\EventBlock\WarpBlock">
      <UniqueIdentifier>{db5f74d3-d1ec-493a-b286-b3edd3031475}</UniqueIdentifier>
    </Filter>
    <Filter Include="Application\Charactor\Enemy\EnemyManager">
      <UniqueIdentifier>{4a1c0f97-a5fe-4cce-a633-5de90a38ede8}</UniqueIdentifier>
    </Filter>
    <Filter Include="Application\Charactor\Enemy\GEnemy">
      <UniqueIdentifier>{2b0e9669-3383-42af-834c-1079df58a241}</UniqueIdentifier>
    </Filter>
    <Filter Include="Application\System">
      <UniqueIdentifier>{6886546f-0922-478c-90cd-17a63328ee64}</UniqueIdentifier>
    </Filter>
    <Filter Include="Application\System\Goal">
      <UniqueIdentifier>{b4113e9c-284b-49c0-9ff0-26ccaa642dc4}</UniqueIdentifier>
    </Filter>
    <Filter Include="Application\Charactor\Mob">
      <UniqueIdentifier>{302d9139-7d01-43bd-a83a-73a487d23e1a}</UniqueIdentifier>
    </Filter>
    <Filter Include="Application\LevelLoader">
      <UniqueIdentifier>{79740857-baa7-4cfd-8300-7973b9ea94c2}</UniqueIdentifier>
    </Filter>
    <Filter Include="シェーダー\OutLine">
      <UniqueIdentifier>{3a999208-4231-44d7-a413-3bbd4485369e}</UniqueIdentifier>
    </Filter>
    <Filter Include="Application\Scene\ShaderTestScene">
      <UniqueIdentifier>{9c532383-23be-4611-a497-7bc868e0295a}</UniqueIdentifier>
    </Filter>
    <Filter Include="シェーダー\Skydome">
      <UniqueIdentifier>{3375785c-d162-4aba-9511-095e8576d516}</UniqueIdentifier>
    </Filter>
    <Filter Include="シェーダー\Ground">
      <UniqueIdentifier>{589bb706-5388-4d5f-8d84-1fd2766905d8}</UniqueIdentifier>
    </Filter>
    <Filter Include="シェーダー\Line">
      <UniqueIdentifier>{a3b46ff8-379c-4975-8a18-d34c0defa5d1}</UniqueIdentifier>
    </Filter>
    <Filter Include="Engine\Math\Float4">
      <UniqueIdentifier>{e6292a6d-63e0-4803-acb0-af67dadbb7c8}</UniqueIdentifier>
    </Filter>
    <Filter Include="シェーダー\PerlinNoise">
      <UniqueIdentifier>{3930595b-e030-492e-9060-c73041f3772b}</UniqueIdentifier>
    </Filter>
    <Filter Include="Application\EventBlock\Star">
      <UniqueIdentifier>{e234e327-a9e5-4832-8606-eb3701863442}</UniqueIdentifier>
    </Filter>
    <Filter Include="Application\SceneChange">
      <UniqueIdentifier>{e8a48ed8-af9a-425a-a57e-23447f364934}</UniqueIdentifier>
    </Filter>
    <Filter Include="Application\CollideManager">
      <UniqueIdentifier>{8b7ae840-9ed9-434c-82b0-4ac48770cf23}</UniqueIdentifier>
    </Filter>
    <Filter Include="Application\Charactor\Box">
      <UniqueIdentifier>{f18195f4-70bb-44f8-adf6-2b9ea029a90f}</UniqueIdentifier>
    </Filter>
    <Filter Include="Application\EventBlock\Cannon">
      <UniqueIdentifier>{694f7a6e-7b4a-46ee-8aa3-5f0e205738e5}</UniqueIdentifier>
    </Filter>
    <Filter Include="シェーダー\TextureBlend">
      <UniqueIdentifier>{32931717-993b-4561-a3c8-460d11203f2e}</UniqueIdentifier>
    </Filter>
    <Filter Include="シェーダー\Disolve">
      <UniqueIdentifier>{b2483b9b-1183-4f37-9a49-8d332351e803}</UniqueIdentifier>
    </Filter>
    <Filter Include="Application\Status">
      <UniqueIdentifier>{5bc4e8d1-ef15-4bc3-8293-24f6b833f6b9}</UniqueIdentifier>
    </Filter>
    <Filter Include="Application\UI">
      <UniqueIdentifier>{474ba4e5-8eb6-4f8f-be0f-266f1b73ee1f}</UniqueIdentifier>
    </Filter>
    <Filter Include="Application\UI\StarUI">
      <UniqueIdentifier>{c7988369-42db-4a28-8372-35f15dd7c01e}</UniqueIdentifier>
    </Filter>
    <Filter Include="Application\UI\HPGauge">
      <UniqueIdentifier>{cf542d8c-5bba-45fc-b53e-70bebf207435}</UniqueIdentifier>
    </Filter>
  </ItemGroup>
  <ItemGroup>
    <ClCompile Include="engine\input\Input.cpp">
      <Filter>Engine\Input</Filter>
    </ClCompile>
    <ClCompile Include="engine\sound\Sound.cpp">
      <Filter>Engine\Sound</Filter>
    </ClCompile>
    <ClCompile Include="application\particle\ObjParticle.cpp">
      <Filter>Application\Old\ObjParticle</Filter>
    </ClCompile>
    <ClCompile Include="External\imgui\imgui.cpp">
      <Filter>Engine\External\ImGui</Filter>
    </ClCompile>
    <ClCompile Include="External\imgui\imgui_demo.cpp">
      <Filter>Engine\External\ImGui</Filter>
    </ClCompile>
    <ClCompile Include="External\imgui\imgui_draw.cpp">
      <Filter>Engine\External\ImGui</Filter>
    </ClCompile>
    <ClCompile Include="External\imgui\imgui_impl_dx12.cpp">
      <Filter>Engine\External\ImGui</Filter>
    </ClCompile>
    <ClCompile Include="External\imgui\imgui_impl_win32.cpp">
      <Filter>Engine\External\ImGui</Filter>
    </ClCompile>
    <ClCompile Include="External\imgui\imgui_tables.cpp">
      <Filter>Engine\External\ImGui</Filter>
    </ClCompile>
    <ClCompile Include="External\imgui\imgui_widgets.cpp">
      <Filter>Engine\External\ImGui</Filter>
    </ClCompile>
    <ClCompile Include="engine\scene\DemoScene.cpp">
      <Filter>Application\Scene\DemoScene</Filter>
    </ClCompile>
    <ClCompile Include="engine\scene\IScene.cpp">
      <Filter>Engine\Scene\IScene</Filter>
    </ClCompile>
    <ClCompile Include="engine\LevelLoader.cpp">
      <Filter>Application\LevelLoader</Filter>
    </ClCompile>
    <ClCompile Include="engine\2d\Sprite.cpp">
      <Filter>Engine\2D\Sprite</Filter>
    </ClCompile>
    <ClCompile Include="engine\2d\Texture.cpp">
      <Filter>Engine\2D\Texture</Filter>
    </ClCompile>
    <ClCompile Include="engine\3d\Billboard.cpp">
      <Filter>Engine\3D\Billboard</Filter>
    </ClCompile>
    <ClCompile Include="engine\3d\Material.cpp">
      <Filter>Engine\3D\Material</Filter>
    </ClCompile>
    <ClCompile Include="engine\3d\Model.cpp">
      <Filter>Engine\3D\Model</Filter>
    </ClCompile>
    <ClCompile Include="engine\3d\Obj.cpp">
      <Filter>Engine\3D\Obj</Filter>
    </ClCompile>
    <ClCompile Include="engine\Particle.cpp">
      <Filter>Engine\Particle</Filter>
    </ClCompile>
    <ClCompile Include="engine\3d\Vertex.cpp">
      <Filter>Engine\3D\Vertex</Filter>
    </ClCompile>
    <ClCompile Include="engine\3d\ViewProjection.cpp">
      <Filter>Engine\3D\Camera</Filter>
    </ClCompile>
    <ClCompile Include="application\game\Collision.cpp">
      <Filter>Application\Collision</Filter>
    </ClCompile>
    <ClCompile Include="engine\libManage\ImguiManager.cpp">
      <Filter>Engine\libManage\ImguiManager</Filter>
    </ClCompile>
    <ClCompile Include="engine\common\ClearDrawScreen.cpp">
      <Filter>Engine\Common\ClearDrawScreen</Filter>
    </ClCompile>
    <ClCompile Include="engine\common\ConstBuffer.cpp">
      <Filter>Engine\Common\ConstBuffer</Filter>
    </ClCompile>
    <ClCompile Include="engine\common\DirectXInit.cpp">
      <Filter>Engine\Common\DirectXInit</Filter>
    </ClCompile>
    <ClCompile Include="engine\common\Pipeline.cpp">
      <Filter>Engine\Common\Pipeline</Filter>
    </ClCompile>
    <ClCompile Include="engine\3d\WinAPI.cpp">
      <Filter>Engine\Common\WinAPI</Filter>
    </ClCompile>
    <ClCompile Include="engine\light\DirectionalLight.cpp">
      <Filter>Engine\Light\DirectionalLight</Filter>
    </ClCompile>
    <ClCompile Include="engine\light\LightGroup.cpp">
      <Filter>Engine\Light\LightGroup</Filter>
    </ClCompile>
    <ClCompile Include="engine\light\PointLight.cpp">
      <Filter>Engine\Light\PointLight</Filter>
    </ClCompile>
    <ClCompile Include="engine\math\MathF.cpp">
      <Filter>Engine\Math\MathF</Filter>
    </ClCompile>
    <ClCompile Include="engine\math\Matrix4.cpp">
      <Filter>Engine\Math\Matrix4</Filter>
    </ClCompile>
    <ClCompile Include="engine\math\Quaternion.cpp">
      <Filter>Engine\Math\Quaternion</Filter>
    </ClCompile>
    <ClCompile Include="engine\math\Vector2.cpp">
      <Filter>Engine\Math\Vector2</Filter>
    </ClCompile>
    <ClCompile Include="engine\math\Vector3.cpp">
      <Filter>Engine\Math\Vector3</Filter>
    </ClCompile>
    <ClCompile Include="engine\math\Float4.cpp">
      <Filter>Engine\Math\Float4</Filter>
    </ClCompile>
    <ClCompile Include="engine\shader\Shader.cpp">
      <Filter>Engine\Shader</Filter>
    </ClCompile>
    <ClCompile Include="engine\2d\DebugText.cpp">
      <Filter>Engine\Util\DebugText</Filter>
    </ClCompile>
    <ClCompile Include="engine\util\StringUtil.cpp">
      <Filter>Engine\Util\StringUtil</Filter>
    </ClCompile>
    <ClCompile Include="engine\util\TimeManager.cpp">
      <Filter>Engine\Util\TimeManager</Filter>
    </ClCompile>
    <ClCompile Include="engine\util\Util.cpp">
      <Filter>Engine\Util\Util</Filter>
    </ClCompile>
    <ClCompile Include="application\main.cpp">
      <Filter>Engine</Filter>
    </ClCompile>
    <ClCompile Include="engine\Color.cpp">
      <Filter>Engine\Color</Filter>
    </ClCompile>
    <ClCompile Include="engine\AssimpLoader.cpp">
      <Filter>Engine\AssimpLoader</Filter>
    </ClCompile>
    <ClCompile Include="engine\scene\SceneFactory.cpp">
      <Filter>Engine\Scene\SceneFactory</Filter>
    </ClCompile>
    <ClCompile Include="engine\scene\SceneManager.cpp">
      <Filter>Engine\Scene\SceneManager</Filter>
    </ClCompile>
    <ClCompile Include="engine\util\TEasing.cpp">
      <Filter>Engine\Util\TEasing</Filter>
    </ClCompile>
    <ClCompile Include="engine\2d\PostEffect.cpp">
      <Filter>Engine\2D\PostEffect</Filter>
    </ClCompile>
    <ClCompile Include="engine\common\DebugCamera.cpp">
      <Filter>Engine\Common\DebugCamera</Filter>
    </ClCompile>
    <ClCompile Include="engine\3d\Obj3dFBX.cpp">
      <Filter>Engine\3D\Obj3dFBX</Filter>
    </ClCompile>
    <ClCompile Include="GameScene.cpp">
      <Filter>Application\Scene\GameScene</Filter>
    </ClCompile>
    <ClCompile Include="Player.cpp">
      <Filter>Application\Charactor\Player</Filter>
    </ClCompile>
    <ClCompile Include="application\game\Block.cpp">
      <Filter>Application\Block</Filter>
    </ClCompile>
    <ClCompile Include="Skydome.cpp">
      <Filter>Application\Skydome</Filter>
    </ClCompile>
    <ClCompile Include="Stage.cpp">
      <Filter>Application\Stage</Filter>
    </ClCompile>
    <ClCompile Include="PlayerCamera.cpp">
      <Filter>Application\PlayerCamera</Filter>
    </ClCompile>
    <ClCompile Include="GEnemy.cpp">
      <Filter>Application\Charactor\Enemy\GEnemy</Filter>
    </ClCompile>
    <ClCompile Include="EnemyManager.cpp">
      <Filter>Application\Charactor\Enemy\EnemyManager</Filter>
    </ClCompile>
    <ClCompile Include="Enemy.cpp">
      <Filter>Application\Charactor\Enemy</Filter>
    </ClCompile>
    <ClCompile Include="GoalBlock.cpp">
      <Filter>Application\EventBlock\GoalBlock</Filter>
    </ClCompile>
    <ClCompile Include="EventBlock.cpp">
      <Filter>Application\EventBlock\EventBlock</Filter>
    </ClCompile>
    <ClCompile Include="WarpBlock.cpp">
      <Filter>Application\EventBlock\WarpBlock</Filter>
    </ClCompile>
    <ClCompile Include="GoalSystem.cpp">
      <Filter>Application\System\Goal</Filter>
    </ClCompile>
    <ClCompile Include="ShaderTestScene.cpp">
      <Filter>Application\Scene\ShaderTestScene</Filter>
    </ClCompile>
    <ClCompile Include="Goal.cpp">
      <Filter>Application\EventBlock\GoalBlock</Filter>
    </ClCompile>
    <ClCompile Include="Star.cpp">
      <Filter>Application\EventBlock\Star</Filter>
    </ClCompile>
    <ClCompile Include="SceneChange.cpp">
      <Filter>Application\SceneChange</Filter>
    </ClCompile>
    <ClCompile Include="CollideManager.cpp">
      <Filter>Application\CollideManager</Filter>
    </ClCompile>
    <ClCompile Include="Box.cpp">
      <Filter>Application\Charactor\Box</Filter>
    </ClCompile>
    <ClCompile Include="Mob.cpp">
      <Filter>Application\Charactor\Mob</Filter>
    </ClCompile>
    <ClCompile Include="Cannon.cpp">
      <Filter>Application\EventBlock\Cannon</Filter>
    </ClCompile>
    <ClCompile Include="Status.cpp">
      <Filter>Application\Status</Filter>
    </ClCompile>
    <ClCompile Include="StarUI.cpp">
      <Filter>Application\UI\StarUI</Filter>
    </ClCompile>
    <ClCompile Include="HPGauge.cpp">
      <Filter>Application\UI\HPGauge</Filter>
    </ClCompile>
  </ItemGroup>
  <ItemGroup>
    <ClInclude Include="engine\shader\Shader.h">
      <Filter>Engine\Shader</Filter>
    </ClInclude>
    <ClInclude Include="External\imgui\imconfig.h">
      <Filter>Engine\External\ImGui</Filter>
    </ClInclude>
    <ClInclude Include="External\imgui\imgui_impl_win32.h">
      <Filter>Engine\External\ImGui</Filter>
    </ClInclude>
    <ClInclude Include="External\imgui\imgui_impl_dx12.h">
      <Filter>Engine\External\ImGui</Filter>
    </ClInclude>
    <ClInclude Include="External\imgui\imgui.h">
      <Filter>Engine\External\ImGui</Filter>
    </ClInclude>
    <ClInclude Include="External\imgui\imgui_internal.h">
      <Filter>Engine\External\ImGui</Filter>
    </ClInclude>
    <ClInclude Include="External\imgui\imstb_textedit.h">
      <Filter>Engine\External\ImGui</Filter>
    </ClInclude>
    <ClInclude Include="External\imgui\imstb_rectpack.h">
      <Filter>Engine\External\ImGui</Filter>
    </ClInclude>
    <ClInclude Include="External\imgui\imstb_truetype.h">
      <Filter>Engine\External\ImGui</Filter>
    </ClInclude>
    <ClInclude Include="engine\scene\IScene.h">
      <Filter>Engine\Scene\IScene</Filter>
    </ClInclude>
    <ClInclude Include="engine\scene\DemoScene.h">
      <Filter>Application\Scene\DemoScene</Filter>
    </ClInclude>
    <ClInclude Include="engine\LevelLoader.h">
      <Filter>Application\LevelLoader</Filter>
    </ClInclude>
    <ClInclude Include="External\json.hpp">
      <Filter>Engine\External</Filter>
    </ClInclude>
    <ClInclude Include="engine\2d\Sprite.h">
      <Filter>Engine\2D\Sprite</Filter>
    </ClInclude>
    <ClInclude Include="engine\2d\Texture.h">
      <Filter>Engine\2D\Texture</Filter>
    </ClInclude>
    <ClInclude Include="engine\3d\Billboard.h">
      <Filter>Engine\3D\Billboard</Filter>
    </ClInclude>
    <ClInclude Include="engine\3d\Material.h">
      <Filter>Engine\3D\Material</Filter>
    </ClInclude>
    <ClInclude Include="engine\3d\Model.h">
      <Filter>Engine\3D\Model</Filter>
    </ClInclude>
    <ClInclude Include="engine\3d\Obj.h">
      <Filter>Engine\3D\Obj</Filter>
    </ClInclude>
    <ClInclude Include="engine\Particle.h">
      <Filter>Engine\Particle</Filter>
    </ClInclude>
    <ClInclude Include="engine\3d\Vertex.h">
      <Filter>Engine\3D\Vertex</Filter>
    </ClInclude>
    <ClInclude Include="engine\3d\ViewProjection.h">
      <Filter>Engine\3D\Camera</Filter>
    </ClInclude>
    <ClInclude Include="engine\scene\AbstractSceneFactory.h">
      <Filter>Engine\Scene</Filter>
    </ClInclude>
    <ClInclude Include="application\game\Collision.h">
      <Filter>Application\Collision</Filter>
    </ClInclude>
    <ClInclude Include="engine\libManage\ImguiManager.h">
      <Filter>Engine\libManage\ImguiManager</Filter>
    </ClInclude>
    <ClInclude Include="engine\common\ClearDrawScreen.h">
      <Filter>Engine\Common\ClearDrawScreen</Filter>
    </ClInclude>
    <ClInclude Include="engine\common\ConstBuffer.h">
      <Filter>Engine\Common\ConstBuffer</Filter>
    </ClInclude>
    <ClInclude Include="engine\common\DirectXInit.h">
      <Filter>Engine\Common\DirectXInit</Filter>
    </ClInclude>
    <ClInclude Include="engine\common\Pipeline.h">
      <Filter>Engine\Common\Pipeline</Filter>
    </ClInclude>
    <ClInclude Include="engine\common\WinAPI.h">
      <Filter>Engine\Common\WinAPI</Filter>
    </ClInclude>
    <ClInclude Include="engine\input\Input.h">
      <Filter>Engine\Input</Filter>
    </ClInclude>
    <ClInclude Include="engine\light\DirectionalLight.h">
      <Filter>Engine\Light\DirectionalLight</Filter>
    </ClInclude>
    <ClInclude Include="engine\light\LightGroup.h">
      <Filter>Engine\Light\LightGroup</Filter>
    </ClInclude>
    <ClInclude Include="engine\light\PointLight.h">
      <Filter>Engine\Light\PointLight</Filter>
    </ClInclude>
    <ClInclude Include="engine\math\MathF.h">
      <Filter>Engine\Math\MathF</Filter>
    </ClInclude>
    <ClInclude Include="engine\math\Matrix4.h">
      <Filter>Engine\Math\Matrix4</Filter>
    </ClInclude>
    <ClInclude Include="engine\math\Quaternion.h">
      <Filter>Engine\Math\Quaternion</Filter>
    </ClInclude>
    <ClInclude Include="engine\math\Vector2.h">
      <Filter>Engine\Math\Vector2</Filter>
    </ClInclude>
    <ClInclude Include="engine\math\Vector3.h">
      <Filter>Engine\Math\Vector3</Filter>
    </ClInclude>
    <ClInclude Include="engine\math\Float4.h">
      <Filter>Engine\Math\Float4</Filter>
    </ClInclude>
    <ClInclude Include="application\particle\ObjParticle.h">
      <Filter>Application\Old\ObjParticle</Filter>
    </ClInclude>
    <ClInclude Include="engine\sound\Sound.h">
      <Filter>Engine\Sound</Filter>
    </ClInclude>
    <ClInclude Include="engine\common\Result.h">
      <Filter>Engine\Util</Filter>
    </ClInclude>
    <ClInclude Include="engine\2d\DebugText.h">
      <Filter>Engine\Util\DebugText</Filter>
    </ClInclude>
    <ClInclude Include="engine\util\StringUtil.h">
      <Filter>Engine\Util\StringUtil</Filter>
    </ClInclude>
    <ClInclude Include="engine\util\TimeManager.h">
      <Filter>Engine\Util\TimeManager</Filter>
    </ClInclude>
    <ClInclude Include="engine\util\Util.h">
      <Filter>Engine\Util\Util</Filter>
    </ClInclude>
    <ClInclude Include="engine\Color.h">
      <Filter>Engine\Color</Filter>
    </ClInclude>
    <ClInclude Include="engine\AssimpLoader.h">
      <Filter>Engine\AssimpLoader</Filter>
    </ClInclude>
    <ClInclude Include="engine\scene\SceneFactory.h">
      <Filter>Engine\Scene\SceneFactory</Filter>
    </ClInclude>
    <ClInclude Include="engine\scene\SceneManager.h">
      <Filter>Engine\Scene\SceneManager</Filter>
    </ClInclude>
    <ClInclude Include="engine\util\TEasing.h">
      <Filter>Engine\Util\TEasing</Filter>
    </ClInclude>
    <ClInclude Include="engine\2d\PostEffect.h">
      <Filter>Engine\2D\PostEffect</Filter>
    </ClInclude>
    <ClInclude Include="engine\common\DebugCamera.h">
      <Filter>Engine\Common\DebugCamera</Filter>
    </ClInclude>
    <ClInclude Include="engine\3d\Obj3dFBX.h">
      <Filter>Engine\3D\Obj3dFBX</Filter>
    </ClInclude>
    <ClInclude Include="GameScene.h">
      <Filter>Application\Scene\GameScene</Filter>
    </ClInclude>
    <ClInclude Include="Player.h">
      <Filter>Application\Charactor\Player</Filter>
    </ClInclude>
    <ClInclude Include="application\game\Block.h">
      <Filter>Application\Block</Filter>
    </ClInclude>
    <ClInclude Include="Skydome.h">
      <Filter>Application\Skydome</Filter>
    </ClInclude>
    <ClInclude Include="Stage.h">
      <Filter>Application\Stage</Filter>
    </ClInclude>
    <ClInclude Include="PlayerCamera.h">
      <Filter>Application\PlayerCamera</Filter>
    </ClInclude>
    <ClInclude Include="GEnemy.h">
      <Filter>Application\Charactor\Enemy\GEnemy</Filter>
    </ClInclude>
    <ClInclude Include="EnemyManager.h">
      <Filter>Application\Charactor\Enemy\EnemyManager</Filter>
    </ClInclude>
    <ClInclude Include="Enemy.h">
      <Filter>Application\Charactor\Enemy</Filter>
    </ClInclude>
    <ClInclude Include="GoalBlock.h">
      <Filter>Application\EventBlock\GoalBlock</Filter>
    </ClInclude>
    <ClInclude Include="EventBlock.h">
      <Filter>Application\EventBlock\EventBlock</Filter>
    </ClInclude>
    <ClInclude Include="WarpBlock.h">
      <Filter>Application\EventBlock\WarpBlock</Filter>
    </ClInclude>
    <ClInclude Include="GoalSystem.h">
      <Filter>Application\System\Goal</Filter>
    </ClInclude>
    <ClInclude Include="ShaderTestScene.h">
      <Filter>Application\Scene\ShaderTestScene</Filter>
    </ClInclude>
    <ClInclude Include="Goal.h">
      <Filter>Application\EventBlock\GoalBlock</Filter>
    </ClInclude>
    <ClInclude Include="Star.h">
      <Filter>Application\EventBlock\Star</Filter>
    </ClInclude>
    <ClInclude Include="SceneChange.h">
      <Filter>Application\SceneChange</Filter>
    </ClInclude>
    <ClInclude Include="CollideManager.h">
      <Filter>Application\CollideManager</Filter>
    </ClInclude>
    <ClInclude Include="Box.h">
      <Filter>Application\Charactor\Box</Filter>
    </ClInclude>
    <ClInclude Include="Mob.h">
      <Filter>Application\Charactor\Mob</Filter>
    </ClInclude>
    <ClInclude Include="Cannon.h">
      <Filter>Application\EventBlock\Cannon</Filter>
    </ClInclude>
    <ClInclude Include="Status.h">
      <Filter>Application\Status</Filter>
    </ClInclude>
    <ClInclude Include="StarUI.h">
      <Filter>Application\UI\StarUI</Filter>
    </ClInclude>
    <ClInclude Include="HPGauge.h">
      <Filter>Application\UI\HPGauge</Filter>
    </ClInclude>
  </ItemGroup>
  <ItemGroup>
    <None Include="External\imgui\imgui.ini" />
    <None Include="Resources\Shader\Basic.hlsli">
      <Filter>シェーダー\Basic</Filter>
    </None>
    <None Include="Resources\Shader\GeometryHeader.hlsli">
      <Filter>シェーダー\Geometry</Filter>
    </None>
    <None Include="Resources\Shader\Lambert.hlsli">
      <Filter>シェーダー\Lambert</Filter>
    </None>
    <None Include="Resources\Shader\OBJShaderHeader.hlsli">
      <Filter>シェーダー\OBJ</Filter>
    </None>
    <None Include="Resources\Shader\Particle.hlsli">
      <Filter>シェーダー\Particle</Filter>
    </None>
    <None Include="Resources\Shader\Phong.hlsli">
      <Filter>シェーダー\Phong</Filter>
    </None>
    <None Include="Resources\Shader\GaussianBlur.hlsli">
      <Filter>シェーダー\GaussianBlur</Filter>
    </None>
    <None Include="Resources\Shader\Sprite.hlsli">
      <Filter>シェーダー\Sprite</Filter>
    </None>
    <None Include="Resources\Shader\ShiftBlur.hlsli">
      <Filter>シェーダー\ShiftBlur</Filter>
    </None>
    <None Include="Resources\Shader\NonePostEffect.hlsli">
      <Filter>シェーダー\NonePostEffect</Filter>
    </None>
    <None Include="Resources\Shader\MultiRender.hlsli">
      <Filter>シェーダー\MultiRender</Filter>
    </None>
    <None Include="Resources\Shader\CG4.hlsli">
      <Filter>シェーダー\CG4</Filter>
    </None>
    <None Include="Resources\Shader\SingleColor.hlsli">
      <Filter>シェーダー\SingleColor</Filter>
    </None>
    <None Include="Resources\Shader\Toon.hlsli">
      <Filter>シェーダー\Toon</Filter>
    </None>
    <None Include="Resources\Shader\OutLine.hlsli">
      <Filter>シェーダー\OutLine</Filter>
    </None>
    <None Include="Resources\Shader\Skydome.hlsli">
      <Filter>シェーダー\Skydome</Filter>
    </None>
    <None Include="Resources\Shader\Ground\Ground.hlsli">
      <Filter>シェーダー\Ground</Filter>
    </None>
    <None Include="Resources\Shader\Line\Line.hlsli">
      <Filter>シェーダー\Line</Filter>
    </None>
    <None Include="Resources\Shader\PerlinNoise\PerlinNoise.hlsli">
      <Filter>シェーダー\PerlinNoise</Filter>
    </None>
    <None Include="Resources\Shader\TextureBlend\TextureBlend.hlsli">
      <Filter>シェーダー\TextureBlend</Filter>
    </None>
    <None Include="Resources\Shader\Disolve\Disolve.hlsli">
      <Filter>シェーダー\Disolve</Filter>
    </None>
  </ItemGroup>
  <ItemGroup>
    <FxCompile Include="Resources\Shader\BasicPS.hlsl">
      <Filter>シェーダー\Basic</Filter>
    </FxCompile>
    <FxCompile Include="Resources\Shader\BasicVS.hlsl">
      <Filter>シェーダー\Basic</Filter>
    </FxCompile>
    <FxCompile Include="Resources\Shader\GeometryGS.hlsl">
      <Filter>シェーダー\Geometry</Filter>
    </FxCompile>
    <FxCompile Include="Resources\Shader\GeometryPS.hlsl">
      <Filter>シェーダー\Geometry</Filter>
    </FxCompile>
    <FxCompile Include="Resources\Shader\GeometryVS.hlsl">
      <Filter>シェーダー\Geometry</Filter>
    </FxCompile>
    <FxCompile Include="Resources\Shader\LambertPS.hlsl">
      <Filter>シェーダー\Lambert</Filter>
    </FxCompile>
    <FxCompile Include="Resources\Shader\LambertVS.hlsl">
      <Filter>シェーダー\Lambert</Filter>
    </FxCompile>
    <FxCompile Include="Resources\Shader\OBJPS.hlsl">
      <Filter>シェーダー\OBJ</Filter>
    </FxCompile>
    <FxCompile Include="Resources\Shader\OBJVS.hlsl">
      <Filter>シェーダー\OBJ</Filter>
    </FxCompile>
    <FxCompile Include="Resources\Shader\ParticleGS.hlsl">
      <Filter>シェーダー\Particle</Filter>
    </FxCompile>
    <FxCompile Include="Resources\Shader\ParticlePS.hlsl">
      <Filter>シェーダー\Particle</Filter>
    </FxCompile>
    <FxCompile Include="Resources\Shader\ParticleVS.hlsl">
      <Filter>シェーダー\Particle</Filter>
    </FxCompile>
    <FxCompile Include="Resources\Shader\PhongPS.hlsl">
      <Filter>シェーダー\Phong</Filter>
    </FxCompile>
    <FxCompile Include="Resources\Shader\PhongVS.hlsl">
      <Filter>シェーダー\Phong</Filter>
    </FxCompile>
    <FxCompile Include="Resources\Shader\GaussianBlurPS.hlsl">
      <Filter>シェーダー\GaussianBlur</Filter>
    </FxCompile>
    <FxCompile Include="Resources\Shader\GaussianBlurVS.hlsl">
      <Filter>シェーダー\GaussianBlur</Filter>
    </FxCompile>
    <FxCompile Include="Resources\Shader\SpriteVS.hlsl">
      <Filter>シェーダー\Sprite</Filter>
    </FxCompile>
    <FxCompile Include="Resources\Shader\SpritePS.hlsl">
      <Filter>シェーダー\Sprite</Filter>
    </FxCompile>
    <FxCompile Include="Resources\Shader\ShiftBlurVS.hlsl">
      <Filter>シェーダー\ShiftBlur</Filter>
    </FxCompile>
    <FxCompile Include="Resources\Shader\ShiftBlurPS.hlsl">
      <Filter>シェーダー\ShiftBlur</Filter>
    </FxCompile>
    <FxCompile Include="Resources\Shader\NonePostEffectPS.hlsl">
      <Filter>シェーダー\NonePostEffect</Filter>
    </FxCompile>
    <FxCompile Include="Resources\Shader\NonePostEffectVS.hlsl">
      <Filter>シェーダー\NonePostEffect</Filter>
    </FxCompile>
    <FxCompile Include="Resources\Shader\MultiRenderVS.hlsl">
      <Filter>シェーダー\MultiRender</Filter>
    </FxCompile>
    <FxCompile Include="Resources\Shader\MultiRenderPS.hlsl">
      <Filter>シェーダー\MultiRender</Filter>
    </FxCompile>
    <FxCompile Include="Resources\Shader\CG4VS.hlsl">
      <Filter>シェーダー\CG4</Filter>
    </FxCompile>
    <FxCompile Include="Resources\Shader\CG4PS.hlsl">
      <Filter>シェーダー\CG4</Filter>
    </FxCompile>
    <FxCompile Include="Resources\Shader\SingleColorPS.hlsl">
      <Filter>シェーダー\SingleColor</Filter>
    </FxCompile>
    <FxCompile Include="Resources\Shader\SingleColorVS.hlsl">
      <Filter>シェーダー\SingleColor</Filter>
    </FxCompile>
    <FxCompile Include="Resources\Shader\ToonPS.hlsl">
      <Filter>シェーダー\Toon</Filter>
    </FxCompile>
    <FxCompile Include="Resources\Shader\ToonVS.hlsl">
      <Filter>シェーダー\Toon</Filter>
    </FxCompile>
    <FxCompile Include="Resources\Shader\OutLinePS.hlsl">
      <Filter>シェーダー\OutLine</Filter>
    </FxCompile>
    <FxCompile Include="Resources\Shader\OutLineVS.hlsl">
      <Filter>シェーダー\OutLine</Filter>
    </FxCompile>
    <FxCompile Include="Resources\Shader\SkydomePS.hlsl">
      <Filter>シェーダー\Skydome</Filter>
    </FxCompile>
    <FxCompile Include="Resources\Shader\SkydomeVS.hlsl">
      <Filter>シェーダー\Skydome</Filter>
    </FxCompile>
    <FxCompile Include="Resources\Shader\Ground\GroundPS.hlsl">
      <Filter>シェーダー\Ground</Filter>
    </FxCompile>
    <FxCompile Include="Resources\Shader\Ground\GroundVS.hlsl">
      <Filter>シェーダー\Ground</Filter>
    </FxCompile>
    <FxCompile Include="Resources\Shader\Line\LineVS.hlsl">
      <Filter>シェーダー\Line</Filter>
    </FxCompile>
    <FxCompile Include="Resources\Shader\Line\LinePS.hlsl">
      <Filter>シェーダー\Line</Filter>
    </FxCompile>
    <FxCompile Include="Resources\Shader\PerlinNoise\PerlinNoiseVS.hlsl">
      <Filter>シェーダー\PerlinNoise</Filter>
    </FxCompile>
    <FxCompile Include="Resources\Shader\PerlinNoise\PerlinNoisePS.hlsl">
      <Filter>シェーダー\PerlinNoise</Filter>
    </FxCompile>
    <FxCompile Include="Resources\Shader\TextureBlend\TextureBlendPS.hlsl">
      <Filter>シェーダー\TextureBlend</Filter>
    </FxCompile>
    <FxCompile Include="Resources\Shader\TextureBlend\TextureBlendVS.hlsl">
      <Filter>シェーダー\TextureBlend</Filter>
    </FxCompile>
    <FxCompile Include="Resources\Shader\Disolve\DisolvePS.hlsl">
      <Filter>シェーダー\Disolve</Filter>
    </FxCompile>
    <FxCompile Include="Resources\Shader\Disolve\DisolveVS.hlsl">
      <Filter>シェーダー\Disolve</Filter>
    </FxCompile>
  </ItemGroup>
</Project>