<?xml version="1.0" encoding="utf-8"?>
<Project ToolsVersion="4.0" xmlns="http://schemas.microsoft.com/developer/msbuild/2003">
  <ItemGroup>
    <Filter Include="ソース ファイル">
      <UniqueIdentifier>{4FC737F1-C7A5-4376-A066-2A32D752A2FF}</UniqueIdentifier>
      <Extensions>cpp;c;cc;cxx;c++;cppm;ixx;def;odl;idl;hpj;bat;asm;asmx</Extensions>
    </Filter>
    <Filter Include="リソース ファイル">
      <UniqueIdentifier>{67DA6AB6-F800-4c08-8B7A-83BB121AAD01}</UniqueIdentifier>
      <Extensions>rc;ico;cur;bmp;dlg;rc2;rct;bin;rgs;gif;jpg;jpeg;jpe;resx;tiff;tif;png;wav;mfcribbon-ms</Extensions>
    </Filter>
    <Filter Include="シェーダー">
      <UniqueIdentifier>{c6f9bfd7-4cdc-4bc1-88fc-6fb58ea4aae6}</UniqueIdentifier>
    </Filter>
    <Filter Include="ソース ファイル\Math">
      <UniqueIdentifier>{f621c70b-fe1f-40bc-a138-adf95122d6c8}</UniqueIdentifier>
    </Filter>
    <Filter Include="ソース ファイル\Common">
      <UniqueIdentifier>{72c1eeb5-487f-4e27-8ef1-ba0ccfb21e91}</UniqueIdentifier>
    </Filter>
    <Filter Include="ソース ファイル\Util">
      <UniqueIdentifier>{41f59229-e292-48cf-ab1d-9ad6a0671670}</UniqueIdentifier>
    </Filter>
    <Filter Include="ソース ファイル\2D">
      <UniqueIdentifier>{95ef1f6f-9b87-47a2-b118-7b0c872c52af}</UniqueIdentifier>
    </Filter>
    <Filter Include="ソース ファイル\3D">
      <UniqueIdentifier>{a9aa53d1-96ac-4fa8-9b86-5a729747e703}</UniqueIdentifier>
    </Filter>
    <Filter Include="ソース ファイル\Game">
      <UniqueIdentifier>{4021a4b7-e2d0-4e83-b627-6b2d6fbe2339}</UniqueIdentifier>
    </Filter>
    <Filter Include="ソース ファイル\Shader">
      <UniqueIdentifier>{6ef2f347-e1f9-4394-b1cd-0982c044845e}</UniqueIdentifier>
    </Filter>
    <Filter Include="ソース ファイル\Sound">
      <UniqueIdentifier>{2c20569e-1a1f-4c2c-871a-616b9191c2d6}</UniqueIdentifier>
    </Filter>
    <Filter Include="ソース ファイル\ImGui">
      <UniqueIdentifier>{08fb1cf9-0e96-4542-bf80-1f06f3a6c784}</UniqueIdentifier>
    </Filter>
    <Filter Include="ソース ファイル\Game\Charactor">
      <UniqueIdentifier>{3dc3946a-e343-4223-9cad-c16ebeddf8c8}</UniqueIdentifier>
    </Filter>
    <Filter Include="ソース ファイル\Light">
      <UniqueIdentifier>{3c1e7dee-81fa-4053-85e4-831f12f7370d}</UniqueIdentifier>
    </Filter>
    <Filter Include="ソース ファイル\libManage">
      <UniqueIdentifier>{5826963a-4c4d-48a3-a88c-99e8edf39bd9}</UniqueIdentifier>
    </Filter>
    <Filter Include="ソース ファイル\Particle">
      <UniqueIdentifier>{460b4cdc-d13a-4f0a-9bbe-019b405a216e}</UniqueIdentifier>
    </Filter>
    <Filter Include="ソース ファイル\Input">
      <UniqueIdentifier>{f70ac3f1-7517-4bb3-a9b5-e711cb76005c}</UniqueIdentifier>
    </Filter>
    <Filter Include="ソース ファイル\Scene">
      <UniqueIdentifier>{2c6ff3ad-9765-446e-9ab0-ff9007a90aba}</UniqueIdentifier>
    </Filter>
    <Filter Include="ソース ファイル\Scene\IScene">
      <UniqueIdentifier>{36625483-a30b-4c59-ac7a-e6a0ffe6b7ed}</UniqueIdentifier>
    </Filter>
    <Filter Include="ソース ファイル\Scene\DemoScene">
      <UniqueIdentifier>{3dd87bb2-25f3-4e33-bd37-68681c1108df}</UniqueIdentifier>
    </Filter>
    <Filter Include="ソース ファイル\Scene\GameScene">
      <UniqueIdentifier>{8e46dd71-6d8e-4d20-b769-7ce98ccfa71c}</UniqueIdentifier>
    </Filter>
    <Filter Include="Engine">
      <UniqueIdentifier>{9ac39836-34e0-440a-82e7-c53f19651d9a}</UniqueIdentifier>
    </Filter>
    <Filter Include="Application">
      <UniqueIdentifier>{4263170a-accd-44e1-84e1-cd993642407c}</UniqueIdentifier>
    </Filter>
    <Filter Include="ソース ファイル\SceneManager">
      <UniqueIdentifier>{f3484d3c-6d17-46af-aca0-f73b2276367e}</UniqueIdentifier>
    </Filter>
    <Filter Include="ソース ファイル\SceneManager\SceneManager">
      <UniqueIdentifier>{fee5a9b7-2409-49be-955f-f5ee04527f3e}</UniqueIdentifier>
    </Filter>
    <Filter Include="ソース ファイル\SceneManager\AbstractSceneFactory">
      <UniqueIdentifier>{ff2eb1df-23c4-41d7-937d-86e0977d5754}</UniqueIdentifier>
    </Filter>
    <Filter Include="ソース ファイル\SceneManager\SceneFactory">
      <UniqueIdentifier>{3fe952bd-63c0-4e0b-abd9-fbb138561e11}</UniqueIdentifier>
    </Filter>
    <Filter Include="Engine\External">
      <UniqueIdentifier>{67684e2b-cec9-4237-b818-8765426567b9}</UniqueIdentifier>
    </Filter>
    <Filter Include="Engine\External\ImGui">
      <UniqueIdentifier>{00f41909-9548-42cd-be41-44f86e7521c2}</UniqueIdentifier>
    </Filter>
    <Filter Include="ソース ファイル\Scene\FBXLoadDemoScene">
      <UniqueIdentifier>{75730180-a73e-4437-9ca6-81d1c495a48e}</UniqueIdentifier>
    </Filter>
    <Filter Include="ヘッダー ファイル">
      <UniqueIdentifier>{93995380-89BD-4b04-88EB-625FBE52EBFB}</UniqueIdentifier>
      <Extensions>h;hh;hpp;hxx;h++;hm;inl;inc;ipp;xsd</Extensions>
    </Filter>
    <Filter Include="ヘッダー ファイル\Math">
      <UniqueIdentifier>{c4fac199-f60a-419b-99fe-c83b80a4e341}</UniqueIdentifier>
    </Filter>
    <Filter Include="ヘッダー ファイル\Common">
      <UniqueIdentifier>{b3865467-abfa-44d7-8c0e-89257d30c1f2}</UniqueIdentifier>
    </Filter>
    <Filter Include="ヘッダー ファイル\2D">
      <UniqueIdentifier>{a183c1c1-c234-44f8-99f0-b90776435a09}</UniqueIdentifier>
    </Filter>
    <Filter Include="ヘッダー ファイル\3D">
      <UniqueIdentifier>{6d03ee47-ac74-4a58-b5cd-2f197653c57c}</UniqueIdentifier>
    </Filter>
    <Filter Include="ヘッダー ファイル\Util">
      <UniqueIdentifier>{01937895-7493-40a8-a9e8-46dce691cbc9}</UniqueIdentifier>
    </Filter>
    <Filter Include="ヘッダー ファイル\Game">
      <UniqueIdentifier>{c9f8c3b4-5148-4c24-bed1-434a4e227e2e}</UniqueIdentifier>
    </Filter>
    <Filter Include="ヘッダー ファイル\Game\Charactor">
      <UniqueIdentifier>{4c5ef092-c777-4322-a608-d892c67febec}</UniqueIdentifier>
    </Filter>
    <Filter Include="ヘッダー ファイル\Input">
      <UniqueIdentifier>{f735d136-fa94-4cdf-8759-d28389718371}</UniqueIdentifier>
    </Filter>
    <Filter Include="ヘッダー ファイル\Shader">
      <UniqueIdentifier>{50eb1d78-ff15-44ab-9049-1e691ba58985}</UniqueIdentifier>
    </Filter>
    <Filter Include="ヘッダー ファイル\Sound">
      <UniqueIdentifier>{8b6fba3d-4d25-43d6-ab91-19406a81514d}</UniqueIdentifier>
    </Filter>
    <Filter Include="ヘッダー ファイル\Light">
      <UniqueIdentifier>{bd29e37c-22d6-4cb5-a55e-e98b587699d6}</UniqueIdentifier>
    </Filter>
    <Filter Include="ヘッダー ファイル\Particle">
      <UniqueIdentifier>{be682b69-4609-4ef3-8dc8-8d211e0b7e54}</UniqueIdentifier>
    </Filter>
    <Filter Include="ヘッダー ファイル\libManage">
      <UniqueIdentifier>{e5881891-c317-4255-8361-a5bebfe8e22b}</UniqueIdentifier>
    </Filter>
    <Filter Include="ヘッダー ファイル\Scene">
      <UniqueIdentifier>{d5b9a130-95c7-4f91-bc2a-ca21813dc49d}</UniqueIdentifier>
    </Filter>
  </ItemGroup>
  <ItemGroup>
    <ClCompile Include="application\main.cpp">
      <Filter>ソース ファイル</Filter>
    </ClCompile>
    <ClCompile Include="engine\math\Vector2.cpp">
      <Filter>ソース ファイル\Math</Filter>
    </ClCompile>
    <ClCompile Include="engine\math\Vector3.cpp">
      <Filter>ソース ファイル\Math</Filter>
    </ClCompile>
    <ClCompile Include="engine\math\Matrix4.cpp">
      <Filter>ソース ファイル\Math</Filter>
    </ClCompile>
    <ClCompile Include="engine\common\ConstBuffer.cpp">
      <Filter>ソース ファイル\Common</Filter>
    </ClCompile>
    <ClCompile Include="engine\2d\DebugText.cpp">
      <Filter>ソース ファイル\Util</Filter>
    </ClCompile>
    <ClCompile Include="engine\3d\Billboard.cpp">
      <Filter>ソース ファイル\3D</Filter>
    </ClCompile>
    <ClCompile Include="engine\common\DirectXInit.cpp">
      <Filter>ソース ファイル\Common</Filter>
    </ClCompile>
    <ClCompile Include="engine\Particle.cpp">
      <Filter>ソース ファイル\3D</Filter>
    </ClCompile>
    <ClCompile Include="engine\input\Input.cpp">
      <Filter>ソース ファイル\Input</Filter>
    </ClCompile>
    <ClCompile Include="engine\3d\Material.cpp">
      <Filter>ソース ファイル\3D</Filter>
    </ClCompile>
    <ClCompile Include="engine\3d\Model.cpp">
      <Filter>ソース ファイル\3D</Filter>
    </ClCompile>
    <ClCompile Include="engine\3d\Obj.cpp">
      <Filter>ソース ファイル\3D</Filter>
    </ClCompile>
    <ClCompile Include="engine\common\Pipeline.cpp">
      <Filter>ソース ファイル\Common</Filter>
    </ClCompile>
    <ClCompile Include="engine\shader\Shader.cpp">
      <Filter>ソース ファイル\Shader</Filter>
    </ClCompile>
    <ClCompile Include="engine\sound\Sound.cpp">
      <Filter>ソース ファイル\Sound</Filter>
    </ClCompile>
    <ClCompile Include="engine\util\StringUtil.cpp">
      <Filter>ソース ファイル\Util</Filter>
    </ClCompile>
    <ClCompile Include="engine\util\TimeManager.cpp">
      <Filter>ソース ファイル\Util</Filter>
    </ClCompile>
    <ClCompile Include="engine\3d\Vertex.cpp">
      <Filter>ソース ファイル\3D</Filter>
    </ClCompile>
    <ClCompile Include="engine\3d\ViewProjection.cpp">
      <Filter>ソース ファイル\3D</Filter>
    </ClCompile>
    <ClCompile Include="engine\3d\WinAPI.cpp">
      <Filter>ソース ファイル\Common</Filter>
    </ClCompile>
    <ClCompile Include="engine\2d\Texture.cpp">
      <Filter>ソース ファイル\2D</Filter>
    </ClCompile>
    <ClCompile Include="engine\common\ClearDrawScreen.cpp">
      <Filter>ソース ファイル\Common</Filter>
    </ClCompile>
    <ClCompile Include="application\game\Player.cpp">
      <Filter>ソース ファイル\Game\Charactor</Filter>
    </ClCompile>
    <ClCompile Include="engine\math\MathF.cpp">
      <Filter>ソース ファイル\Math</Filter>
    </ClCompile>
    <ClCompile Include="application\game\Mob.cpp">
      <Filter>ソース ファイル\Game</Filter>
    </ClCompile>
    <ClCompile Include="application\game\Block.cpp">
      <Filter>ソース ファイル\Game</Filter>
    </ClCompile>
    <ClCompile Include="engine\util\Util.cpp">
      <Filter>ソース ファイル\Util</Filter>
    </ClCompile>
    <ClCompile Include="application\game\Stage.cpp">
      <Filter>ソース ファイル\Game</Filter>
    </ClCompile>
    <ClCompile Include="application\game\GroundEnemy.cpp">
      <Filter>ソース ファイル\Game\Charactor</Filter>
    </ClCompile>
    <ClCompile Include="application\game\Collision.cpp">
      <Filter>ソース ファイル\Game</Filter>
    </ClCompile>
    <ClCompile Include="application\game\AirEnemy.cpp">
      <Filter>ソース ファイル\Game\Charactor</Filter>
    </ClCompile>
    <ClCompile Include="engine\light\DirectionalLight.cpp">
      <Filter>ソース ファイル\Light</Filter>
    </ClCompile>
    <ClCompile Include="application\game\Bullet.cpp">
      <Filter>ソース ファイル\Game</Filter>
    </ClCompile>
    <ClCompile Include="engine\math\Quaternion.cpp">
      <Filter>ソース ファイル\Math</Filter>
    </ClCompile>
    <ClCompile Include="engine\math\Vector4.cpp">
      <Filter>ソース ファイル\Math</Filter>
    </ClCompile>
    <ClCompile Include="application\game\GoalObject.cpp">
      <Filter>ソース ファイル\Game</Filter>
    </ClCompile>
    <ClCompile Include="engine\libManage\ImguiManager.cpp">
      <Filter>ソース ファイル\libManage</Filter>
    </ClCompile>
    <ClCompile Include="application\particle\ObjParticle.cpp">
      <Filter>ソース ファイル\Particle</Filter>
    </ClCompile>
    <ClCompile Include="engine\light\LightGroup.cpp">
      <Filter>ソース ファイル\Light</Filter>
    </ClCompile>
    <ClCompile Include="engine\light\PointLight.cpp">
      <Filter>ソース ファイル\Light</Filter>
    </ClCompile>
    <ClCompile Include="engine\2d\Sprite.cpp">
      <Filter>ソース ファイル\2D</Filter>
    </ClCompile>
    <ClCompile Include="engine\Color.cpp">
      <Filter>ソース ファイル</Filter>
    </ClCompile>
    <ClCompile Include="engine\AssimpLoader.cpp">
      <Filter>ソース ファイル</Filter>
    </ClCompile>
    <ClCompile Include="DemoScene.cpp">
      <Filter>ソース ファイル\Scene\DemoScene</Filter>
    </ClCompile>
    <ClCompile Include="application\game\GameScene.cpp">
      <Filter>ソース ファイル\Scene\GameScene</Filter>
    </ClCompile>
    <ClCompile Include="IScene.cpp">
      <Filter>ソース ファイル\Scene\IScene</Filter>
    </ClCompile>
    <ClCompile Include="SceneManager.cpp">
      <Filter>ソース ファイル\SceneManager\SceneManager</Filter>
    </ClCompile>
    <ClCompile Include="SceneFactory.cpp">
      <Filter>ソース ファイル\SceneManager\SceneFactory</Filter>
    </ClCompile>
    <ClCompile Include="External\imgui\imgui.cpp">
      <Filter>Engine\External\ImGui</Filter>
    </ClCompile>
    <ClCompile Include="External\imgui\imgui_demo.cpp">
      <Filter>Engine\External\ImGui</Filter>
    </ClCompile>
    <ClCompile Include="External\imgui\imgui_draw.cpp">
      <Filter>Engine\External\ImGui</Filter>
    </ClCompile>
    <ClCompile Include="External\imgui\imgui_impl_dx12.cpp">
      <Filter>Engine\External\ImGui</Filter>
    </ClCompile>
    <ClCompile Include="External\imgui\imgui_impl_win32.cpp">
      <Filter>Engine\External\ImGui</Filter>
    </ClCompile>
    <ClCompile Include="External\imgui\imgui_tables.cpp">
      <Filter>Engine\External\ImGui</Filter>
    </ClCompile>
    <ClCompile Include="External\imgui\imgui_widgets.cpp">
      <Filter>Engine\External\ImGui</Filter>
    </ClCompile>
    <ClCompile Include="LevelLoader.cpp">
      <Filter>ソース ファイル</Filter>
    </ClCompile>
    <ClCompile Include="FBXLoadDemoScene.cpp">
      <Filter>ソース ファイル\Scene\FBXLoadDemoScene</Filter>
    </ClCompile>
  </ItemGroup>
  <ItemGroup>
    <ClInclude Include="engine\math\Vector2.h">
      <Filter>ヘッダー ファイル\Math</Filter>
    </ClInclude>
    <ClInclude Include="engine\math\Vector3.h">
      <Filter>ヘッダー ファイル\Math</Filter>
    </ClInclude>
    <ClInclude Include="engine\math\Matrix4.h">
      <Filter>ヘッダー ファイル\Math</Filter>
    </ClInclude>
    <ClInclude Include="engine\common\DirectXInit.h">
      <Filter>ヘッダー ファイル\Common</Filter>
    </ClInclude>
    <ClInclude Include="engine\common\ConstBuffer.h">
      <Filter>ヘッダー ファイル\Common</Filter>
    </ClInclude>
    <ClInclude Include="engine\3d\Billboard.h">
      <Filter>ヘッダー ファイル\3D</Filter>
    </ClInclude>
    <ClInclude Include="engine\2d\DebugText.h">
      <Filter>ヘッダー ファイル\Util</Filter>
    </ClInclude>
    <ClInclude Include="engine\Particle.h">
      <Filter>ヘッダー ファイル\3D</Filter>
    </ClInclude>
    <ClInclude Include="engine\3d\Material.h">
      <Filter>ヘッダー ファイル\3D</Filter>
    </ClInclude>
    <ClInclude Include="engine\3d\Model.h">
      <Filter>ヘッダー ファイル\3D</Filter>
    </ClInclude>
    <ClInclude Include="engine\input\Input.h">
      <Filter>ヘッダー ファイル\Input</Filter>
    </ClInclude>
    <ClInclude Include="engine\3d\Obj.h">
      <Filter>ヘッダー ファイル\3D</Filter>
    </ClInclude>
    <ClInclude Include="engine\common\Result.h">
      <Filter>ヘッダー ファイル\Util</Filter>
    </ClInclude>
    <ClInclude Include="engine\shader\Shader.h">
      <Filter>ヘッダー ファイル\Shader</Filter>
    </ClInclude>
    <ClInclude Include="engine\sound\Sound.h">
      <Filter>ヘッダー ファイル\Sound</Filter>
    </ClInclude>
    <ClInclude Include="engine\util\StringUtil.h">
      <Filter>ヘッダー ファイル\Util</Filter>
    </ClInclude>
    <ClInclude Include="engine\util\TimeManager.h">
      <Filter>ヘッダー ファイル\Util</Filter>
    </ClInclude>
    <ClInclude Include="engine\3d\Vertex.h">
      <Filter>ヘッダー ファイル\3D</Filter>
    </ClInclude>
    <ClInclude Include="engine\3d\ViewProjection.h">
      <Filter>ヘッダー ファイル\3D</Filter>
    </ClInclude>
    <ClInclude Include="engine\common\WinAPI.h">
      <Filter>ヘッダー ファイル\Common</Filter>
    </ClInclude>
    <ClInclude Include="engine\common\Pipeline.h">
      <Filter>ヘッダー ファイル\Common</Filter>
    </ClInclude>
    <ClInclude Include="engine\2d\Texture.h">
      <Filter>ヘッダー ファイル\2D</Filter>
    </ClInclude>
    <ClInclude Include="engine\common\ClearDrawScreen.h">
      <Filter>ヘッダー ファイル\Common</Filter>
    </ClInclude>
    <ClInclude Include="engine\util\Util.h">
      <Filter>ヘッダー ファイル\Util</Filter>
    </ClInclude>
    <ClInclude Include="engine\math\MathF.h">
      <Filter>ヘッダー ファイル\Math</Filter>
    </ClInclude>
    <ClInclude Include="application\game\Player.h">
      <Filter>ヘッダー ファイル\Game\Charactor</Filter>
    </ClInclude>
    <ClInclude Include="application\game\Mob.h">
      <Filter>ヘッダー ファイル\Game</Filter>
    </ClInclude>
    <ClInclude Include="application\game\Block.h">
      <Filter>ヘッダー ファイル\Game</Filter>
    </ClInclude>
    <ClInclude Include="application\game\Stage.h">
      <Filter>ヘッダー ファイル\Game</Filter>
    </ClInclude>
    <ClInclude Include="application\game\GroundEnemy.h">
      <Filter>ヘッダー ファイル\Game\Charactor</Filter>
    </ClInclude>
    <ClInclude Include="application\game\Collision.h">
      <Filter>ヘッダー ファイル\Game</Filter>
    </ClInclude>
    <ClInclude Include="application\game\AirEnemy.h">
      <Filter>ヘッダー ファイル\Game\Charactor</Filter>
    </ClInclude>
    <ClInclude Include="application\game\Bullet.h">
      <Filter>ヘッダー ファイル\Game</Filter>
    </ClInclude>
    <ClInclude Include="engine\light\DirectionalLight.h">
      <Filter>ヘッダー ファイル\Light</Filter>
    </ClInclude>
    <ClInclude Include="engine\math\Quaternion.h">
      <Filter>ヘッダー ファイル\Math</Filter>
    </ClInclude>
    <ClInclude Include="engine\math\Vector4.h">
      <Filter>ヘッダー ファイル\Math</Filter>
    </ClInclude>
    <ClInclude Include="application\game\GoalObject.h">
      <Filter>ヘッダー ファイル\Game</Filter>
    </ClInclude>
    <ClInclude Include="engine\libManage\ImguiManager.h">
      <Filter>ヘッダー ファイル\libManage</Filter>
    </ClInclude>
    <ClInclude Include="application\particle\ObjParticle.h">
      <Filter>ヘッダー ファイル\Particle</Filter>
    </ClInclude>
    <ClInclude Include="engine\light\LightGroup.h">
      <Filter>ヘッダー ファイル\Light</Filter>
    </ClInclude>
    <ClInclude Include="engine\light\PointLight.h">
      <Filter>ヘッダー ファイル\Light</Filter>
    </ClInclude>
    <ClInclude Include="engine\2d\Sprite.h">
      <Filter>ヘッダー ファイル\2D</Filter>
    </ClInclude>
    <ClInclude Include="External\imgui\imconfig.h">
      <Filter>Engine\External\ImGui</Filter>
    </ClInclude>
    <ClInclude Include="External\imgui\imgui_impl_win32.h">
      <Filter>Engine\External\ImGui</Filter>
    </ClInclude>
    <ClInclude Include="External\imgui\imgui_impl_dx12.h">
      <Filter>Engine\External\ImGui</Filter>
    </ClInclude>
    <ClInclude Include="External\imgui\imgui.h">
      <Filter>Engine\External\ImGui</Filter>
    </ClInclude>
    <ClInclude Include="External\imgui\imgui_internal.h">
      <Filter>Engine\External\ImGui</Filter>
    </ClInclude>
    <ClInclude Include="External\imgui\imstb_textedit.h">
      <Filter>Engine\External\ImGui</Filter>
    </ClInclude>
    <ClInclude Include="External\imgui\imstb_rectpack.h">
      <Filter>Engine\External\ImGui</Filter>
    </ClInclude>
    <ClInclude Include="External\imgui\imstb_truetype.h">
      <Filter>Engine\External\ImGui</Filter>
    </ClInclude>
    <ClInclude Include="engine\Color.h">
      <Filter>ヘッダー ファイル</Filter>
    </ClInclude>
    <ClInclude Include="engine\AssimpLoader.h">
      <Filter>ヘッダー ファイル</Filter>
    </ClInclude>
    <ClInclude Include="DemoScene.h">
      <Filter>ソース ファイル\Scene\DemoScene</Filter>
    </ClInclude>
    <ClInclude Include="application\game\GameScene.h">
      <Filter>ソース ファイル\Scene\GameScene</Filter>
    </ClInclude>
    <ClInclude Include="IScene.h">
      <Filter>ソース ファイル\Scene\IScene</Filter>
    </ClInclude>
    <ClInclude Include="SceneManager.h">
      <Filter>ソース ファイル\SceneManager\SceneManager</Filter>
    </ClInclude>
    <ClInclude Include="AbstractSceneFactory.h">
      <Filter>ソース ファイル\SceneManager\AbstractSceneFactory</Filter>
    </ClInclude>
    <ClInclude Include="SceneFactory.h">
      <Filter>ソース ファイル\SceneManager\SceneFactory</Filter>
    </ClInclude>
    <ClInclude Include="json.hpp">
      <Filter>Engine\External</Filter>
    </ClInclude>
    <ClInclude Include="LevelLoader.h">
      <Filter>ヘッダー ファイル</Filter>
    </ClInclude>
    <ClInclude Include="FBXLoadDemoScene.h">
      <Filter>ソース ファイル\Scene\FBXLoadDemoScene</Filter>
    </ClInclude>
  </ItemGroup>
  <ItemGroup>
    <None Include="Resources\Shader\Basic.hlsli">
      <Filter>シェーダー</Filter>
    </None>
    <None Include="Resources\Shader\Sprite.hlsli">
      <Filter>シェーダー</Filter>
    </None>
    <None Include="Resources\Shader\OBJShaderHeader.hlsli">
      <Filter>シェーダー</Filter>
    </None>
    <None Include="Resources\Shader\GeometryHeader.hlsli">
      <Filter>シェーダー</Filter>
    </None>
    <None Include="Resources\Shader\Particle.hlsli">
      <Filter>シェーダー</Filter>
    </None>
    <None Include="Resources\Shader\Phong.hlsli">
      <Filter>シェーダー</Filter>
    </None>
    <None Include="Resources\Shader\Lambert.hlsli">
      <Filter>シェーダー</Filter>
    </None>
    <None Include="External\imgui\imgui.ini" />
  </ItemGroup>
  <ItemGroup>
    <FxCompile Include="Resources\Shader\BasicPS.hlsl">
      <Filter>シェーダー</Filter>
    </FxCompile>
    <FxCompile Include="Resources\Shader\BasicVS.hlsl">
      <Filter>シェーダー</Filter>
    </FxCompile>
    <FxCompile Include="Resources\Shader\SpritePS.hlsl">
      <Filter>シェーダー</Filter>
    </FxCompile>
    <FxCompile Include="Resources\Shader\SpriteVS.hlsl">
      <Filter>シェーダー</Filter>
    </FxCompile>
    <FxCompile Include="Resources\Shader\OBJPS.hlsl">
      <Filter>シェーダー</Filter>
    </FxCompile>
    <FxCompile Include="Resources\Shader\OBJVS.hlsl">
      <Filter>シェーダー</Filter>
    </FxCompile>
    <FxCompile Include="Resources\Shader\GeometryGS.hlsl">
      <Filter>シェーダー</Filter>
    </FxCompile>
    <FxCompile Include="Resources\Shader\GeometryPS.hlsl">
      <Filter>シェーダー</Filter>
    </FxCompile>
    <FxCompile Include="Resources\Shader\GeometryVS.hlsl">
      <Filter>シェーダー</Filter>
    </FxCompile>
    <FxCompile Include="Resources\Shader\ParticleGS.hlsl">
      <Filter>シェーダー</Filter>
    </FxCompile>
    <FxCompile Include="Resources\Shader\ParticlePS.hlsl">
      <Filter>シェーダー</Filter>
    </FxCompile>
    <FxCompile Include="Resources\Shader\ParticleVS.hlsl">
      <Filter>シェーダー</Filter>
    </FxCompile>
    <FxCompile Include="Resources\Shader\PhongVS.hlsl">
      <Filter>シェーダー</Filter>
    </FxCompile>
    <FxCompile Include="Resources\Shader\PhongPS.hlsl">
      <Filter>シェーダー</Filter>
    </FxCompile>
    <FxCompile Include="Resources\Shader\LambertPS.hlsl">
      <Filter>シェーダー</Filter>
    </FxCompile>
    <FxCompile Include="Resources\Shader\LambertVS.hlsl">
      <Filter>シェーダー</Filter>
    </FxCompile>
  </ItemGroup>
</Project>